
Microsoft Visual Studio Solution File, Format Version 12.00
# Visual Studio 15
VisualStudioVersion = 15.0.28307.1062
MinimumVisualStudioVersion = 10.0.40219.1
Project("{8BC9CEB8-8B4A-11D0-8D11-00A0C91BC942}") = "IPS_lab1_task1_2", "IPS_lab1_task1_2.vcxproj", "{141BC1C7-F19D-45F2-B30B-0C5454DD451F}"
EndProject
Global
	GlobalSection(SolutionConfigurationPlatforms) = preSolution
		Debug|x64 = Debug|x64
		Debug|x86 = Debug|x86
		Release|x64 = Release|x64
		Release|x86 = Release|x86
	EndGlobalSection
	GlobalSection(ProjectConfigurationPlatforms) = postSolution
		{141BC1C7-F19D-45F2-B30B-0C5454DD451F}.Debug|x64.ActiveCfg = Debug|x64
		{141BC1C7-F19D-45F2-B30B-0C5454DD451F}.Debug|x64.Build.0 = Debug|x64
		{141BC1C7-F19D-45F2-B30B-0C5454DD451F}.Debug|x86.ActiveCfg = Debug|Win32
		{141BC1C7-F19D-45F2-B30B-0C5454DD451F}.Debug|x86.Build.0 = Debug|Win32
		{141BC1C7-F19D-45F2-B30B-0C5454DD451F}.Release|x64.ActiveCfg = Release|x64
		{141BC1C7-F19D-45F2-B30B-0C5454DD451F}.Release|x64.Build.0 = Release|x64
		{141BC1C7-F19D-45F2-B30B-0C5454DD451F}.Release|x86.ActiveCfg = Release|Win32
		{141BC1C7-F19D-45F2-B30B-0C5454DD451F}.Release|x86.Build.0 = Release|Win32
	EndGlobalSection
	GlobalSection(SolutionProperties) = preSolution
		HideSolutionNode = FALSE
	EndGlobalSection
	GlobalSection(ExtensibilityGlobals) = postSolution
		SolutionGuid = {EC80757F-886E-49AF-8DEE-C0C6A26B7DB3}
	EndGlobalSection
EndGlobal
